<?xml version="1.0" encoding="utf-8"?>
<Project ToolsVersion="4.0" xmlns="http://schemas.microsoft.com/developer/msbuild/2003">
  <ItemGroup>
    <Filter Include="Source Files">
      <UniqueIdentifier>{4FC737F1-C7A5-4376-A066-2A32D752A2FF}</UniqueIdentifier>
      <Extensions>cpp;c;cc;cxx;def;odl;idl;hpj;bat;asm;asmx</Extensions>
    </Filter>
    <Filter Include="Header Files">
      <UniqueIdentifier>{93995380-89BD-4b04-88EB-625FBE52EBFB}</UniqueIdentifier>
      <Extensions>h;hpp;hxx;hm;inl;inc;xsd</Extensions>
    </Filter>
    <Filter Include="Resource Files">
      <UniqueIdentifier>{67DA6AB6-F800-4c08-8B7A-83BB121AAD01}</UniqueIdentifier>
      <Extensions>rc;ico;cur;bmp;dlg;rc2;rct;bin;rgs;gif;jpg;jpeg;jpe;resx;tiff;tif;png;wav;mfcribbon-ms</Extensions>
    </Filter>
    <Filter Include="Shaders">
      <UniqueIdentifier>{9eaf89f4-05aa-4d1c-a13f-c63753c25092}</UniqueIdentifier>
    </Filter>
  </ItemGroup>
  <ItemGroup>
    <None Include="fabric.bmp">
      <Filter>Resource Files</Filter>
    </None>
    <None Include="studdedmetal.bmp">
      <Filter>Resource Files</Filter>
    </None>
    <None Include="Textures\fabric.bmp">
      <Filter>Resource Files</Filter>
    </None>
    <None Include="Textures\hayden.bmp">
      <Filter>Resource Files</Filter>
    </None>
    <None Include="Textures\hobgoblin.bmp">
      <Filter>Resource Files</Filter>
    </None>
    <None Include="Textures\hueteotl.bmp">
      <Filter>Resource Files</Filter>
    </None>
    <None Include="Textures\oyoshi.bmp">
      <Filter>Resource Files</Filter>
    </None>
    <None Include="Textures\pac3D.bmp">
      <Filter>Resource Files</Filter>
    </None>
    <None Include="Textures\studdedmetal.bmp">
      <Filter>Resource Files</Filter>
    </None>
    <None Include="Textures\yoshi.bmp">
      <Filter>Resource Files</Filter>
    </None>
    <None Include="Shaders\gouraud.vert">
      <Filter>Shaders</Filter>
    </None>
    <None Include="Shaders\minimal.frag">
      <Filter>Shaders</Filter>
    </None>
    <None Include="Shaders\minimal.vert">
      <Filter>Shaders</Filter>
    </None>
    <None Include="Shaders\mvp.vert">
      <Filter>Shaders</Filter>
    </None>
    <None Include="Shaders\phong.frag">
      <Filter>Shaders</Filter>
    </None>
    <None Include="Shaders\phong.vert">
      <Filter>Shaders</Filter>
    </None>
    <None Include="Shaders\phong-tex.frag">
      <Filter>Shaders</Filter>
    </None>
    <None Include="Shaders\phong-tex.vert">
      <Filter>Shaders</Filter>
    </None>
    <None Include="Shaders\simple.frag">
      <Filter>Shaders</Filter>
    </None>
    <None Include="Shaders\textured.frag">
      <Filter>Shaders</Filter>
    </None>
    <None Include="Shaders\textured.vert">
      <Filter>Shaders</Filter>
    </None>
  </ItemGroup>
  <ItemGroup>
    <ClCompile Include="main.cpp">
      <Filter>Source Files</Filter>
    </ClCompile>
    <ClCompile Include="rt3d.cpp">
      <Filter>Source Files</Filter>
    </ClCompile>
    <ClCompile Include="Cube.cpp">
      <Filter>Source Files</Filter>
    </ClCompile>
    <ClCompile Include="rt3dObjLoader.cpp">
      <Filter>Source Files</Filter>
    </ClCompile>
    <ClCompile Include="md2model.cpp">
      <Filter>Source Files</Filter>
    </ClCompile>
    <ClCompile Include="Model.cpp">
      <Filter>Source Files</Filter>
    </ClCompile>
    <ClCompile Include="ThirdPersonCamera.cpp">
      <Filter>Source Files</Filter>
    </ClCompile>
    <ClCompile Include="GameContext.cpp">
      <Filter>Source Files</Filter>
    </ClCompile>
    <ClCompile Include="UserInput.cpp">
      <Filter>Source Files</Filter>
    </ClCompile>
    <ClCompile Include="PlayState.cpp">
      <Filter>Source Files</Filter>
    </ClCompile>
    <ClCompile Include="City.cpp">
      <Filter>Source Files</Filter>
    </ClCompile>
    <ClCompile Include="BoundingBox.cpp">
      <Filter>Source Files</Filter>
    </ClCompile>
    <ClCompile Include="MaterialLoader.cpp">
      <Filter>Source Files</Filter>
    </ClCompile>
    <ClCompile Include="Utils.cpp">
      <Filter>Source Files</Filter>
    </ClCompile>
    <ClCompile Include="Skybox.cpp">
      <Filter>Source Files</Filter>
    </ClCompile>
    <ClCompile Include="SoundManager.cpp">
      <Filter>Source Files</Filter>
    </ClCompile>
    <ClCompile Include="Entity.cpp">
      <Filter>Source Files</Filter>
    </ClCompile>
  </ItemGroup>
  <ItemGroup>
    <ClInclude Include="rt3d.h">
      <Filter>Header Files</Filter>
    </ClInclude>
    <ClInclude Include="Cube.h">
      <Filter>Header Files</Filter>
    </ClInclude>
    <ClInclude Include="rt3dObjLoader.h">
      <Filter>Header Files</Filter>
    </ClInclude>
    <ClInclude Include="md2model.h">
      <Filter>Header Files</Filter>
    </ClInclude>
    <ClInclude Include="Model.h">
      <Filter>Header Files</Filter>
    </ClInclude>
    <ClInclude Include="ThirdPersonCamera.h">
      <Filter>Header Files</Filter>
    </ClInclude>
    <ClInclude Include="GameContext.h">
      <Filter>Header Files</Filter>
    </ClInclude>
    <ClInclude Include="Timer.h">
      <Filter>Header Files</Filter>
    </ClInclude>
    <ClInclude Include="UserInput.h">
      <Filter>Header Files</Filter>
    </ClInclude>
    <ClInclude Include="AbstractState.h">
      <Filter>Header Files</Filter>
    </ClInclude>
    <ClInclude Include="PlayState.h">
      <Filter>Header Files</Filter>
    </ClInclude>
    <ClInclude Include="City.h">
      <Filter>Header Files</Filter>
    </ClInclude>
    <ClInclude Include="BoundingBox.h">
      <Filter>Header Files</Filter>
    </ClInclude>
    <ClInclude Include="MaterialLoader.h">
      <Filter>Header Files</Filter>
    </ClInclude>
    <ClInclude Include="Utils.h">
      <Filter>Header Files</Filter>
    </ClInclude>
    <ClInclude Include="Skybox.h">
      <Filter>Header Files</Filter>
    </ClInclude>
    <ClInclude Include="SoundManager.h">
      <Filter>Header Files</Filter>
    </ClInclude>
    <ClInclude Include="Entity.h">
      <Filter>Header Files</Filter>
    </ClInclude>
  </ItemGroup>
</Project>